PODS:
  - Flutter (1.0.0)
  - flutter_native_alert (0.0.1):
    - Flutter
    - WHToast
  - WHToast (0.0.7)

DEPENDENCIES:
  - Flutter (from `Flutter`)
  - flutter_native_alert (from `.symlinks/plugins/flutter_native_alert/ios`)

SPEC REPOS:
  trunk:
    - WHToast

EXTERNAL SOURCES:
  Flutter:
    :path: Flutter
  flutter_native_alert:
    :path: ".symlinks/plugins/flutter_native_alert/ios"

SPEC CHECKSUMS:
  Flutter: 434fef37c0980e73bb6479ef766c45957d4b510c
  flutter_native_alert: 7af301c7c5ce19f536fa2018d8da42d25e7e7e2e
  WHToast: 11a17a3f09f5f733e32bd6f3338919a448cbb719

PODFILE CHECKSUM: 8e679eca47255a8ca8067c4c67aab20e64cb974d

COCOAPODS: 1.10.1
